
Microsoft Visual Studio Solution File, Format Version 12.00
# Visual Studio Version 17
VisualStudioVersion = 17.14.36408.4 d17.14
MinimumVisualStudioVersion = 10.0.40219.1
Project("{8BC9CEB8-8B4A-11D0-8D11-00A0C91BC942}") = "leVraiLab", "leVraiLab\leVraiLab.vcxproj", "{48AA0480-1F3D-42C7-8F82-0568FC3E3B17}"
EndProject
Global
	GlobalSection(SolutionConfigurationPlatforms) = preSolution
		Debug|x64 = Debug|x64
		Debug|x86 = Debug|x86
		Release|x64 = Release|x64
		Release|x86 = Release|x86
	EndGlobalSection
	GlobalSection(ProjectConfigurationPlatforms) = postSolution
		{48AA0480-1F3D-42C7-8F82-0568FC3E3B17}.Debug|x64.ActiveCfg = Debug|x64
		{48AA0480-1F3D-42C7-8F82-0568FC3E3B17}.Debug|x64.Build.0 = Debug|x64
		{48AA0480-1F3D-42C7-8F82-0568FC3E3B17}.Debug|x86.ActiveCfg = Debug|Win32
		{48AA0480-1F3D-42C7-8F82-0568FC3E3B17}.Debug|x86.Build.0 = Debug|Win32
		{48AA0480-1F3D-42C7-8F82-0568FC3E3B17}.Release|x64.ActiveCfg = Release|x64
		{48AA0480-1F3D-42C7-8F82-0568FC3E3B17}.Release|x64.Build.0 = Release|x64
		{48AA0480-1F3D-42C7-8F82-0568FC3E3B17}.Release|x86.ActiveCfg = Release|Win32
		{48AA0480-1F3D-42C7-8F82-0568FC3E3B17}.Release|x86.Build.0 = Release|Win32
	EndGlobalSection
	GlobalSection(SolutionProperties) = preSolution
		HideSolutionNode = FALSE
	EndGlobalSection
	GlobalSection(ExtensibilityGlobals) = postSolution
		SolutionGuid = {BFEBB819-6B57-4EDA-AC33-C899BDA54289}
	EndGlobalSection
EndGlobal
